{
  "nodes": {
    "nixpkgs": {
      "locked": {
        "lastModified": 1738407736,
        "narHash": "sha256-vjfYbKCLmxAglLGvcUWz0A//29d6ozZ8lpCaqQzOEIE=",
        "owner": "NixOS",
        "repo": "nixpkgs",
        "rev": "7ad7702fa8b0d409aaf83eba8be1479b97823cdc",
        "type": "github"
      },
      "original": {
        "owner": "NixOS",
        "repo": "nixpkgs",
        "type": "github"
      }
    },
    "nixpkgs_2": {
      "locked": {
        "lastModified": 1730831018,
        "narHash": "sha256-2S0HwIFRxYp+afuoFORcZA9TjryAf512GmE0MTfEOPU=",
        "owner": "NixOS",
        "repo": "nixpkgs",
        "rev": "8c4dc69b9732f6bbe826b5fbb32184987520ff26",
        "type": "github"
      },
      "original": {
        "owner": "NixOS",
        "ref": "nixpkgs-unstable",
        "repo": "nixpkgs",
        "type": "github"
      }
    },
    "nur-packages": {
      "inputs": {
        "nixpkgs": "nixpkgs_2"
      },
      "locked": {
        "lastModified": 1734397477,
        "narHash": "sha256-6Vp+rFDNRBKjsCRakY5beGlJ57i1ahWrwJ6M6BS++HU=",
        "owner": "takeokunn",
        "repo": "nur-packages",
        "rev": "f4ac0140cf00223fc57b58a9dd572e047bf5b839",
        "type": "github"
      },
      "original": {
        "owner": "takeokunn",
        "repo": "nur-packages",
        "type": "github"
      }
    },
    "root": {
      "inputs": {
        "nixpkgs": "nixpkgs",
        "nur-packages": "nur-packages"
      }
    }
  },
  "root": "root",
  "version": 7
}
