{
  "nodes": {
    "nixpkgs": {
      "locked": {
        "lastModified": 1731830981,
        "narHash": "sha256-EQ7ManBtAfkY9/G7Kv3gvn0eHvlhDrR5zZQigs0InaY=",
        "owner": "NixOS",
        "repo": "nixpkgs",
        "rev": "a1ccef7b2d4da7baaeba4e8e2647f39a349d8203",
        "type": "github"
      },
      "original": {
        "owner": "NixOS",
        "repo": "nixpkgs",
        "type": "github"
      }
    },
    "nixpkgs_2": {
      "locked": {
        "lastModified": 1730831018,
        "narHash": "sha256-2S0HwIFRxYp+afuoFORcZA9TjryAf512GmE0MTfEOPU=",
        "owner": "NixOS",
        "repo": "nixpkgs",
        "rev": "8c4dc69b9732f6bbe826b5fbb32184987520ff26",
        "type": "github"
      },
      "original": {
        "owner": "NixOS",
        "ref": "nixpkgs-unstable",
        "repo": "nixpkgs",
        "type": "github"
      }
    },
    "nur-packages": {
      "inputs": {
        "nixpkgs": "nixpkgs_2"
      },
      "locked": {
        "lastModified": 1731825438,
        "narHash": "sha256-yKJsPRqPCDGThJPNO5fThIdegFnurSL5joFFq/m3Ytg=",
        "owner": "takeokunn",
        "repo": "nur-packages",
        "rev": "00b3a817288d0c1e42364a5d1f17a2bec13eb0e3",
        "type": "github"
      },
      "original": {
        "owner": "takeokunn",
        "repo": "nur-packages",
        "type": "github"
      }
    },
    "root": {
      "inputs": {
        "nixpkgs": "nixpkgs",
        "nur-packages": "nur-packages"
      }
    }
  },
  "root": "root",
  "version": 7
}
