{
  "nodes": {
    "nixpkgs": {
      "locked": {
        "lastModified": 1741431733,
        "narHash": "sha256-8FmGMpzVdJMdSzQasK8ytre58o1JXiQb13u2m+uD47w=",
        "owner": "NixOS",
        "repo": "nixpkgs",
        "rev": "5b6221d1ac8b0f203bf327b454cabc5a26135cdb",
        "type": "github"
      },
      "original": {
        "owner": "NixOS",
        "repo": "nixpkgs",
        "type": "github"
      }
    },
    "nixpkgs_2": {
      "locked": {
        "lastModified": 1741037377,
        "narHash": "sha256-SvtvVKHaUX4Owb+PasySwZsoc5VUeTf1px34BByiOxw=",
        "owner": "NixOS",
        "repo": "nixpkgs",
        "rev": "02032da4af073d0f6110540c8677f16d4be0117f",
        "type": "github"
      },
      "original": {
        "owner": "NixOS",
        "ref": "nixpkgs-unstable",
        "repo": "nixpkgs",
        "type": "github"
      }
    },
    "nur-packages": {
      "inputs": {
        "nixpkgs": "nixpkgs_2"
      },
      "locked": {
        "lastModified": 1741341062,
        "narHash": "sha256-fQP+eZVj5HkhXsBynGusL23i2snjwiGPdF1r56sL7+c=",
        "owner": "takeokunn",
        "repo": "nur-packages",
        "rev": "f1861b0893efd51bc7377a1f52a2777b06dc3abc",
        "type": "github"
      },
      "original": {
        "owner": "takeokunn",
        "repo": "nur-packages",
        "type": "github"
      }
    },
    "root": {
      "inputs": {
        "nixpkgs": "nixpkgs",
        "nur-packages": "nur-packages"
      }
    }
  },
  "root": "root",
  "version": 7
}
